
Microsoft Visual Studio Solution File, Format Version 12.00
# Visual Studio Version 16
VisualStudioVersion = 16.0.31105.61
MinimumVisualStudioVersion = 10.0.40219.1
Project("{9A19103F-16F7-4668-BE54-9A1E7A4F7556}") = "BlurbTemplate.Implementation", "BlurbTemplate.Core\BlurbTemplate.Implementation.csproj", "{44240AD0-5EE5-49B3-B1D6-97C0F81B74A6}"
EndProject
Project("{9A19103F-16F7-4668-BE54-9A1E7A4F7556}") = "BlurbTemplate.Implementation.Tests", "BlurbTemplate.Core.Tests\BlurbTemplate.Implementation.Tests.csproj", "{FC14121E-6858-44F3-9F18-D4ED283BDB50}"
EndProject
Project("{FAE04EC0-301F-11D3-BF4B-00C04F79EFBC}") = "BlurbTemplate.Interfaces", "BlurbTemplate.Interfaces\BlurbTemplate.Interfaces.csproj", "{8C7BB03C-A749-4F5F-9BA3-33A882ED032F}"
EndProject
Project("{FAE04EC0-301F-11D3-BF4B-00C04F79EFBC}") = "BlurbTemplate.Api", "BlurbTemplate.Api\BlurbTemplate.Api.csproj", "{79818496-5930-4D78-9976-015A61941FAA}"
EndProject
Project("{2150E333-8FDC-42A3-9474-1A3956D46DE8}") = "Ui", "Ui", "{08C8CB3C-1A70-47A6-93F3-7CD43F020F38}"
EndProject
Global
	GlobalSection(SolutionConfigurationPlatforms) = preSolution
		Debug|Any CPU = Debug|Any CPU
		Release|Any CPU = Release|Any CPU
	EndGlobalSection
	GlobalSection(ProjectConfigurationPlatforms) = postSolution
		{44240AD0-5EE5-49B3-B1D6-97C0F81B74A6}.Debug|Any CPU.ActiveCfg = Debug|Any CPU
		{44240AD0-5EE5-49B3-B1D6-97C0F81B74A6}.Debug|Any CPU.Build.0 = Debug|Any CPU
		{44240AD0-5EE5-49B3-B1D6-97C0F81B74A6}.Release|Any CPU.ActiveCfg = Release|Any CPU
		{44240AD0-5EE5-49B3-B1D6-97C0F81B74A6}.Release|Any CPU.Build.0 = Release|Any CPU
		{FC14121E-6858-44F3-9F18-D4ED283BDB50}.Debug|Any CPU.ActiveCfg = Debug|Any CPU
		{FC14121E-6858-44F3-9F18-D4ED283BDB50}.Debug|Any CPU.Build.0 = Debug|Any CPU
		{FC14121E-6858-44F3-9F18-D4ED283BDB50}.Release|Any CPU.ActiveCfg = Release|Any CPU
		{FC14121E-6858-44F3-9F18-D4ED283BDB50}.Release|Any CPU.Build.0 = Release|Any CPU
		{8C7BB03C-A749-4F5F-9BA3-33A882ED032F}.Debug|Any CPU.ActiveCfg = Debug|Any CPU
		{8C7BB03C-A749-4F5F-9BA3-33A882ED032F}.Debug|Any CPU.Build.0 = Debug|Any CPU
		{8C7BB03C-A749-4F5F-9BA3-33A882ED032F}.Release|Any CPU.ActiveCfg = Release|Any CPU
		{8C7BB03C-A749-4F5F-9BA3-33A882ED032F}.Release|Any CPU.Build.0 = Release|Any CPU
		{79818496-5930-4D78-9976-015A61941FAA}.Debug|Any CPU.ActiveCfg = Debug|Any CPU
		{79818496-5930-4D78-9976-015A61941FAA}.Debug|Any CPU.Build.0 = Debug|Any CPU
		{79818496-5930-4D78-9976-015A61941FAA}.Release|Any CPU.ActiveCfg = Release|Any CPU
		{79818496-5930-4D78-9976-015A61941FAA}.Release|Any CPU.Build.0 = Release|Any CPU
	EndGlobalSection
	GlobalSection(SolutionProperties) = preSolution
		HideSolutionNode = FALSE
	EndGlobalSection
	GlobalSection(NestedProjects) = preSolution
		{8C7BB03C-A749-4F5F-9BA3-33A882ED032F} = {08C8CB3C-1A70-47A6-93F3-7CD43F020F38}
		{79818496-5930-4D78-9976-015A61941FAA} = {08C8CB3C-1A70-47A6-93F3-7CD43F020F38}
	EndGlobalSection
	GlobalSection(ExtensibilityGlobals) = postSolution
		SolutionGuid = {44191A50-6A85-418B-805A-FF0978E47191}
	EndGlobalSection
EndGlobal
